
Microsoft Visual Studio Solution File, Format Version 12.00
# Visual Studio 14
VisualStudioVersion = 14.0.25420.1
MinimumVisualStudioVersion = 10.0.40219.1
Project("{FAE04EC0-301F-11D3-BF4B-00C04F79EFBC}") = "OnlineCourt", "OnlineCourt\OnlineCourt.csproj", "{64F87171-B225-4E3D-A263-30AE70CD4620}"
EndProject
Project("{FAE04EC0-301F-11D3-BF4B-00C04F79EFBC}") = "OnlineCourt.TextAnalysis", "OnlineCourt.TextAnalysis\OnlineCourt.TextAnalysis.csproj", "{87A4CC53-B50C-452A-A279-F6E3B7E7A7B8}"
EndProject
Global
	GlobalSection(SolutionConfigurationPlatforms) = preSolution
		Debug|Any CPU = Debug|Any CPU
		Release|Any CPU = Release|Any CPU
	EndGlobalSection
	GlobalSection(ProjectConfigurationPlatforms) = postSolution
		{64F87171-B225-4E3D-A263-30AE70CD4620}.Debug|Any CPU.ActiveCfg = Debug|Any CPU
		{64F87171-B225-4E3D-A263-30AE70CD4620}.Debug|Any CPU.Build.0 = Debug|Any CPU
		{64F87171-B225-4E3D-A263-30AE70CD4620}.Release|Any CPU.ActiveCfg = Release|Any CPU
		{64F87171-B225-4E3D-A263-30AE70CD4620}.Release|Any CPU.Build.0 = Release|Any CPU
		{87A4CC53-B50C-452A-A279-F6E3B7E7A7B8}.Debug|Any CPU.ActiveCfg = Debug|Any CPU
		{87A4CC53-B50C-452A-A279-F6E3B7E7A7B8}.Debug|Any CPU.Build.0 = Debug|Any CPU
		{87A4CC53-B50C-452A-A279-F6E3B7E7A7B8}.Release|Any CPU.ActiveCfg = Release|Any CPU
		{87A4CC53-B50C-452A-A279-F6E3B7E7A7B8}.Release|Any CPU.Build.0 = Release|Any CPU
	EndGlobalSection
	GlobalSection(SolutionProperties) = preSolution
		HideSolutionNode = FALSE
	EndGlobalSection
EndGlobal
